// !$*UTF8*$!
{
	archiveVersion = 1;
	classes = {
	};
	objectVersion = 77;
	objects = {

/* Begin PBXBuildFile section */
		0B2172A12E91EFB800C1B547 /* counteyView.swift in Sources */ = {isa = PBXBuildFile; fileRef = 0B21728F2E91EFB800C1B547 /* counteyView.swift */; };
		0B2172A22E91EFB800C1B547 /* week_twoView.swift in Sources */ = {isa = PBXBuildFile; fileRef = 0B21728D2E91EFB800C1B547 /* week_twoView.swift */; };
		0B2172A32E91EFB800C1B547 /* SpotifyView.swift in Sources */ = {isa = PBXBuildFile; fileRef = 0B2172932E91EFB800C1B547 /* SpotifyView.swift */; };
		0B2172A42E91EFB800C1B547 /* week_threeView.swift in Sources */ = {isa = PBXBuildFile; fileRef = 0B2172902E91EFB800C1B547 /* week_threeView.swift */; };
		0B2172A52E91EFB800C1B547 /* appteamApp.swift in Sources */ = {isa = PBXBuildFile; fileRef = 0B21729C2E91EFB800C1B547 /* appteamApp.swift */; };
		0B2172A62E91EFB800C1B547 /* WeeklyForecastView.swift in Sources */ = {isa = PBXBuildFile; fileRef = 0B2172972E91EFB800C1B547 /* WeeklyForecastView.swift */; };
		0B2172A72E91EFB800C1B547 /* InstaView.swift in Sources */ = {isa = PBXBuildFile; fileRef = 0B21728B2E91EFB800C1B547 /* InstaView.swift */; };
		0B2172A82E91EFB800C1B547 /* HourlyForecastView.swift in Sources */ = {isa = PBXBuildFile; fileRef = 0B2172962E91EFB800C1B547 /* HourlyForecastView.swift */; };
		0B2172A92E91EFB800C1B547 /* CurrentView.swift in Sources */ = {isa = PBXBuildFile; fileRef = 0B2172952E91EFB800C1B547 /* CurrentView.swift */; };
		0B2172AA2E91EFB800C1B547 /* Preview Assets.xcassets in Resources */ = {isa = PBXBuildFile; fileRef = 0B21729A2E91EFB800C1B547 /* Preview Assets.xcassets */; };
		0B2172AB2E91EFB800C1B547 /* Assets.xcassets in Resources */ = {isa = PBXBuildFile; fileRef = 0B21729D2E91EFB800C1B547 /* Assets.xcassets */; };
/* End PBXBuildFile section */

/* Begin PBXFileReference section */
		0B21728A2E91EFB800C1B547 /* appteam.xcodeproj */ = {isa = PBXFileReference; lastKnownFileType = "wrapper.pb-project"; path = appteam.xcodeproj; sourceTree = "<group>"; };
		0B21728B2E91EFB800C1B547 /* InstaView.swift */ = {isa = PBXFileReference; lastKnownFileType = sourcecode.swift; path = InstaView.swift; sourceTree = "<group>"; };
		0B21728D2E91EFB800C1B547 /* week_twoView.swift */ = {isa = PBXFileReference; lastKnownFileType = sourcecode.swift; path = week_twoView.swift; sourceTree = "<group>"; };
		0B21728F2E91EFB800C1B547 /* counteyView.swift */ = {isa = PBXFileReference; lastKnownFileType = sourcecode.swift; path = counteyView.swift; sourceTree = "<group>"; };
		0B2172902E91EFB800C1B547 /* week_threeView.swift */ = {isa = PBXFileReference; lastKnownFileType = sourcecode.swift; path = week_threeView.swift; sourceTree = "<group>"; };
		0B2172932E91EFB800C1B547 /* SpotifyView.swift */ = {isa = PBXFileReference; lastKnownFileType = sourcecode.swift; path = SpotifyView.swift; sourceTree = "<group>"; };
		0B2172952E91EFB800C1B547 /* CurrentView.swift */ = {isa = PBXFileReference; lastKnownFileType = sourcecode.swift; path = CurrentView.swift; sourceTree = "<group>"; };
		0B2172962E91EFB800C1B547 /* HourlyForecastView.swift */ = {isa = PBXFileReference; lastKnownFileType = sourcecode.swift; path = HourlyForecastView.swift; sourceTree = "<group>"; };
		0B2172972E91EFB800C1B547 /* WeeklyForecastView.swift */ = {isa = PBXFileReference; lastKnownFileType = sourcecode.swift; path = WeeklyForecastView.swift; sourceTree = "<group>"; };
		0B21729A2E91EFB800C1B547 /* Preview Assets.xcassets */ = {isa = PBXFileReference; lastKnownFileType = folder.assetcatalog; path = "Preview Assets.xcassets"; sourceTree = "<group>"; };
		0B21729C2E91EFB800C1B547 /* appteamApp.swift */ = {isa = PBXFileReference; lastKnownFileType = sourcecode.swift; path = appteamApp.swift; sourceTree = "<group>"; };
		0B21729D2E91EFB800C1B547 /* Assets.xcassets */ = {isa = PBXFileReference; lastKnownFileType = folder.assetcatalog; path = Assets.xcassets; sourceTree = "<group>"; };
		0BC8B3682E7A236A005291C9 /* appteam.app */ = {isa = PBXFileReference; explicitFileType = wrapper.application; includeInIndex = 0; path = appteam.app; sourceTree = BUILT_PRODUCTS_DIR; };
/* End PBXFileReference section */

/* Begin PBXFrameworksBuildPhase section */
		0BC8B3652E7A236A005291C9 /* Frameworks */ = {
			isa = PBXFrameworksBuildPhase;
			buildActionMask = 2147483647;
			files = (
			);
			runOnlyForDeploymentPostprocessing = 0;
		};
/* End PBXFrameworksBuildPhase section */

/* Begin PBXGroup section */
		0B21728C2E91EFB800C1B547 /* meeting 1 */ = {
			isa = PBXGroup;
			children = (
				0B21728B2E91EFB800C1B547 /* InstaView.swift */,
			);
			path = "meeting 1";
			sourceTree = "<group>";
		};
		0B21728E2E91EFB800C1B547 /* meeting 2 */ = {
			isa = PBXGroup;
			children = (
				0B21728D2E91EFB800C1B547 /* week_twoView.swift */,
			);
			path = "meeting 2";
			sourceTree = "<group>";
		};
		0B2172912E91EFB800C1B547 /* meeting 3 */ = {
			isa = PBXGroup;
			children = (
				0B21728F2E91EFB800C1B547 /* counteyView.swift */,
				0B2172902E91EFB800C1B547 /* week_threeView.swift */,
			);
			path = "meeting 3";
			sourceTree = "<group>";
		};
		0B2172922E91EFB800C1B547 /* _modules */ = {
			isa = PBXGroup;
			children = (
				0B21728C2E91EFB800C1B547 /* meeting 1 */,
				0B21728E2E91EFB800C1B547 /* meeting 2 */,
				0B2172912E91EFB800C1B547 /* meeting 3 */,
			);
			path = _modules;
			sourceTree = "<group>";
		};
		0B2172942E91EFB800C1B547 /* Project 1 - Spotify App */ = {
			isa = PBXGroup;
			children = (
				0B2172932E91EFB800C1B547 /* SpotifyView.swift */,
			);
			path = "Project 1 - Spotify App";
			sourceTree = "<group>";
		};
		0B2172982E91EFB800C1B547 /* Project 2 - Weather App */ = {
			isa = PBXGroup;
			children = (
				0B2172952E91EFB800C1B547 /* CurrentView.swift */,
				0B2172962E91EFB800C1B547 /* HourlyForecastView.swift */,
				0B2172972E91EFB800C1B547 /* WeeklyForecastView.swift */,
			);
			path = "Project 2 - Weather App";
			sourceTree = "<group>";
		};
		0B2172992E91EFB800C1B547 /* _projects */ = {
			isa = PBXGroup;
			children = (
				0B2172942E91EFB800C1B547 /* Project 1 - Spotify App */,
				0B2172982E91EFB800C1B547 /* Project 2 - Weather App */,
			);
			path = _projects;
			sourceTree = "<group>";
		};
		0B21729B2E91EFB800C1B547 /* Preview Content */ = {
			isa = PBXGroup;
			children = (
				0B21729A2E91EFB800C1B547 /* Preview Assets.xcassets */,
			);
			path = "Preview Content";
			sourceTree = "<group>";
		};
		0B21729E2E91EFB800C1B547 /* ios-bootcamp */ = {
			isa = PBXGroup;
			children = (
				0B2172922E91EFB800C1B547 /* _modules */,
				0B2172992E91EFB800C1B547 /* _projects */,
				0B21729B2E91EFB800C1B547 /* Preview Content */,
				0B21729C2E91EFB800C1B547 /* appteamApp.swift */,
				0B21729D2E91EFB800C1B547 /* Assets.xcassets */,
			);
			path = "ios-bootcamp";
			sourceTree = "<group>";
		};
		0B21729F2E91EFB800C1B547 /* Products */ = {
			isa = PBXGroup;
			name = Products;
			sourceTree = "<group>";
		};
		0BC8B35F2E7A236A005291C9 = {
			isa = PBXGroup;
			children = (
				0B21728A2E91EFB800C1B547 /* appteam.xcodeproj */,
				0B21729E2E91EFB800C1B547 /* ios-bootcamp */,
				0BC8B3692E7A236A005291C9 /* Products */,
			);
			sourceTree = "<group>";
		};
		0BC8B3692E7A236A005291C9 /* Products */ = {
			isa = PBXGroup;
			children = (
				0BC8B3682E7A236A005291C9 /* appteam.app */,
			);
			name = Products;
			sourceTree = "<group>";
		};
/* End PBXGroup section */

/* Begin PBXNativeTarget section */
		0BC8B3672E7A236A005291C9 /* appteam */ = {
			isa = PBXNativeTarget;
			buildConfigurationList = 0BC8B3762E7A236C005291C9 /* Build configuration list for PBXNativeTarget "appteam" */;
			buildPhases = (
				0BC8B3642E7A236A005291C9 /* Sources */,
				0BC8B3652E7A236A005291C9 /* Frameworks */,
				0BC8B3662E7A236A005291C9 /* Resources */,
			);
			buildRules = (
			);
			dependencies = (
			);
			name = appteam;
			packageProductDependencies = (
			);
			productName = appteam;
			productReference = 0BC8B3682E7A236A005291C9 /* appteam.app */;
			productType = "com.apple.product-type.application";
		};
/* End PBXNativeTarget section */

/* Begin PBXProject section */
		0BC8B3602E7A236A005291C9 /* Project object */ = {
			isa = PBXProject;
			attributes = {
				BuildIndependentTargetsInParallel = 1;
				LastSwiftUpdateCheck = 1620;
				LastUpgradeCheck = 1620;
				TargetAttributes = {
					0BC8B3672E7A236A005291C9 = {
						CreatedOnToolsVersion = 16.2;
					};
				};
			};
			buildConfigurationList = 0BC8B3632E7A236A005291C9 /* Build configuration list for PBXProject "appteam" */;
			developmentRegion = en;
			hasScannedForEncodings = 0;
			knownRegions = (
				en,
				Base,
			);
			mainGroup = 0BC8B35F2E7A236A005291C9;
			minimizedProjectReferenceProxies = 1;
			preferredProjectObjectVersion = 77;
			productRefGroup = 0BC8B3692E7A236A005291C9 /* Products */;
			projectDirPath = "";
			projectReferences = (
				{
					ProductGroup = 0B21729F2E91EFB800C1B547 /* Products */;
					ProjectRef = 0B21728A2E91EFB800C1B547 /* appteam.xcodeproj */;
				},
			);
			projectRoot = "";
			targets = (
				0BC8B3672E7A236A005291C9 /* appteam */,
			);
		};
/* End PBXProject section */

/* Begin PBXResourcesBuildPhase section */
		0BC8B3662E7A236A005291C9 /* Resources */ = {
			isa = PBXResourcesBuildPhase;
			buildActionMask = 2147483647;
			files = (
				0B2172AA2E91EFB800C1B547 /* Preview Assets.xcassets in Resources */,
				0B2172AB2E91EFB800C1B547 /* Assets.xcassets in Resources */,
			);
			runOnlyForDeploymentPostprocessing = 0;
		};
/* End PBXResourcesBuildPhase section */

/* Begin PBXSourcesBuildPhase section */
		0BC8B3642E7A236A005291C9 /* Sources */ = {
			isa = PBXSourcesBuildPhase;
			buildActionMask = 2147483647;
			files = (
				0B2172A12E91EFB800C1B547 /* counteyView.swift in Sources */,
				0B2172A22E91EFB800C1B547 /* week_twoView.swift in Sources */,
				0B2172A32E91EFB800C1B547 /* SpotifyView.swift in Sources */,
				0B2172A42E91EFB800C1B547 /* week_threeView.swift in Sources */,
				0B2172A52E91EFB800C1B547 /* appteamApp.swift in Sources */,
				0B2172A62E91EFB800C1B547 /* WeeklyForecastView.swift in Sources */,
				0B2172A72E91EFB800C1B547 /* InstaView.swift in Sources */,
				0B2172A82E91EFB800C1B547 /* HourlyForecastView.swift in Sources */,
				0B2172A92E91EFB800C1B547 /* CurrentView.swift in Sources */,
			);
			runOnlyForDeploymentPostprocessing = 0;
		};
/* End PBXSourcesBuildPhase section */

/* Begin XCBuildConfiguration section */
		0BC8B3742E7A236C005291C9 /* Debug */ = {
			isa = XCBuildConfiguration;
			buildSettings = {
				ALWAYS_SEARCH_USER_PATHS = NO;
				ASSETCATALOG_COMPILER_GENERATE_SWIFT_ASSET_SYMBOL_EXTENSIONS = YES;
				CLANG_ANALYZER_NONNULL = YES;
				CLANG_ANALYZER_NUMBER_OBJECT_CONVERSION = YES_AGGRESSIVE;
				CLANG_CXX_LANGUAGE_STANDARD = "gnu++20";
				CLANG_ENABLE_MODULES = YES;
				CLANG_ENABLE_OBJC_ARC = YES;
				CLANG_ENABLE_OBJC_WEAK = YES;
				CLANG_WARN_BLOCK_CAPTURE_AUTORELEASING = YES;
				CLANG_WARN_BOOL_CONVERSION = YES;
				CLANG_WARN_COMMA = YES;
				CLANG_WARN_CONSTANT_CONVERSION = YES;
				CLANG_WARN_DEPRECATED_OBJC_IMPLEMENTATIONS = YES;
				CLANG_WARN_DIRECT_OBJC_ISA_USAGE = YES_ERROR;
				CLANG_WARN_DOCUMENTATION_COMMENTS = YES;
				CLANG_WARN_EMPTY_BODY = YES;
				CLANG_WARN_ENUM_CONVERSION = YES;
				CLANG_WARN_INFINITE_RECURSION = YES;
				CLANG_WARN_INT_CONVERSION = YES;
				CLANG_WARN_NON_LITERAL_NULL_CONVERSION = YES;
				CLANG_WARN_OBJC_IMPLICIT_RETAIN_SELF = YES;
				CLANG_WARN_OBJC_LITERAL_CONVERSION = YES;
				CLANG_WARN_OBJC_ROOT_CLASS = YES_ERROR;
				CLANG_WARN_QUOTED_INCLUDE_IN_FRAMEWORK_HEADER = YES;
				CLANG_WARN_RANGE_LOOP_ANALYSIS = YES;
				CLANG_WARN_STRICT_PROTOTYPES = YES;
				CLANG_WARN_SUSPICIOUS_MOVE = YES;
				CLANG_WARN_UNGUARDED_AVAILABILITY = YES_AGGRESSIVE;
				CLANG_WARN_UNREACHABLE_CODE = YES;
				CLANG_WARN__DUPLICATE_METHOD_MATCH = YES;
				COPY_PHASE_STRIP = NO;
				DEBUG_INFORMATION_FORMAT = dwarf;
				ENABLE_STRICT_OBJC_MSGSEND = YES;
				ENABLE_TESTABILITY = YES;
				ENABLE_USER_SCRIPT_SANDBOXING = YES;
				GCC_C_LANGUAGE_STANDARD = gnu17;
				GCC_DYNAMIC_NO_PIC = NO;
				GCC_NO_COMMON_BLOCKS = YES;
				GCC_OPTIMIZATION_LEVEL = 0;
				GCC_PREPROCESSOR_DEFINITIONS = (
					"DEBUG=1",
					"$(inherited)",
				);
				GCC_WARN_64_TO_32_BIT_CONVERSION = YES;
				GCC_WARN_ABOUT_RETURN_TYPE = YES_ERROR;
				GCC_WARN_UNDECLARED_SELECTOR = YES;
				GCC_WARN_UNINITIALIZED_AUTOS = YES_AGGRESSIVE;
				GCC_WARN_UNUSED_FUNCTION = YES;
				GCC_WARN_UNUSED_VARIABLE = YES;
				IPHONEOS_DEPLOYMENT_TARGET = 18.2;
				LOCALIZATION_PREFERS_STRING_CATALOGS = YES;
				MTL_ENABLE_DEBUG_INFO = INCLUDE_SOURCE;
				MTL_FAST_MATH = YES;
				ONLY_ACTIVE_ARCH = YES;
				SDKROOT = iphoneos;
				SWIFT_ACTIVE_COMPILATION_CONDITIONS = "DEBUG $(inherited)";
				SWIFT_OPTIMIZATION_LEVEL = "-Onone";
			};
			name = Debug;
		};
		0BC8B3752E7A236C005291C9 /* Release */ = {
			isa = XCBuildConfiguration;
			buildSettings = {
				ALWAYS_SEARCH_USER_PATHS = NO;
				ASSETCATALOG_COMPILER_GENERATE_SWIFT_ASSET_SYMBOL_EXTENSIONS = YES;
				CLANG_ANALYZER_NONNULL = YES;
				CLANG_ANALYZER_NUMBER_OBJECT_CONVERSION = YES_AGGRESSIVE;
				CLANG_CXX_LANGUAGE_STANDARD = "gnu++20";
				CLANG_ENABLE_MODULES = YES;
				CLANG_ENABLE_OBJC_ARC = YES;
				CLANG_ENABLE_OBJC_WEAK = YES;
				CLANG_WARN_BLOCK_CAPTURE_AUTORELEASING = YES;
				CLANG_WARN_BOOL_CONVERSION = YES;
				CLANG_WARN_COMMA = YES;
				CLANG_WARN_CONSTANT_CONVERSION = YES;
				CLANG_WARN_DEPRECATED_OBJC_IMPLEMENTATIONS = YES;
				CLANG_WARN_DIRECT_OBJC_ISA_USAGE = YES_ERROR;
				CLANG_WARN_DOCUMENTATION_COMMENTS = YES;
				CLANG_WARN_EMPTY_BODY = YES;
				CLANG_WARN_ENUM_CONVERSION = YES;
				CLANG_WARN_INFINITE_RECURSION = YES;
				CLANG_WARN_INT_CONVERSION = YES;
				CLANG_WARN_NON_LITERAL_NULL_CONVERSION = YES;
				CLANG_WARN_OBJC_IMPLICIT_RETAIN_SELF = YES;
				CLANG_WARN_OBJC_LITERAL_CONVERSION = YES;
				CLANG_WARN_OBJC_ROOT_CLASS = YES_ERROR;
				CLANG_WARN_QUOTED_INCLUDE_IN_FRAMEWORK_HEADER = YES;
				CLANG_WARN_RANGE_LOOP_ANALYSIS = YES;
				CLANG_WARN_STRICT_PROTOTYPES = YES;
				CLANG_WARN_SUSPICIOUS_MOVE = YES;
				CLANG_WARN_UNGUARDED_AVAILABILITY = YES_AGGRESSIVE;
				CLANG_WARN_UNREACHABLE_CODE = YES;
				CLANG_WARN__DUPLICATE_METHOD_MATCH = YES;
				COPY_PHASE_STRIP = NO;
				DEBUG_INFORMATION_FORMAT = "dwarf-with-dsym";
				ENABLE_NS_ASSERTIONS = NO;
				ENABLE_STRICT_OBJC_MSGSEND = YES;
				ENABLE_USER_SCRIPT_SANDBOXING = YES;
				GCC_C_LANGUAGE_STANDARD = gnu17;
				GCC_NO_COMMON_BLOCKS = YES;
				GCC_WARN_64_TO_32_BIT_CONVERSION = YES;
				GCC_WARN_ABOUT_RETURN_TYPE = YES_ERROR;
				GCC_WARN_UNDECLARED_SELECTOR = YES;
				GCC_WARN_UNINITIALIZED_AUTOS = YES_AGGRESSIVE;
				GCC_WARN_UNUSED_FUNCTION = YES;
				GCC_WARN_UNUSED_VARIABLE = YES;
				IPHONEOS_DEPLOYMENT_TARGET = 18.2;
				LOCALIZATION_PREFERS_STRING_CATALOGS = YES;
				MTL_ENABLE_DEBUG_INFO = NO;
				MTL_FAST_MATH = YES;
				SDKROOT = iphoneos;
				SWIFT_COMPILATION_MODE = wholemodule;
				VALIDATE_PRODUCT = YES;
			};
			name = Release;
		};
		0BC8B3772E7A236C005291C9 /* Debug */ = {
			isa = XCBuildConfiguration;
			buildSettings = {
				ASSETCATALOG_COMPILER_APPICON_NAME = AppIcon;
				ASSETCATALOG_COMPILER_GLOBAL_ACCENT_COLOR_NAME = AccentColor;
				CODE_SIGN_STYLE = Automatic;
				CURRENT_PROJECT_VERSION = 1;
				DEVELOPMENT_ASSET_PATHS = "\"ios-bootcamp/Preview Content\"";
				ENABLE_PREVIEWS = YES;
				GENERATE_INFOPLIST_FILE = YES;
				INFOPLIST_KEY_UIApplicationSceneManifest_Generation = YES;
				INFOPLIST_KEY_UIApplicationSupportsIndirectInputEvents = YES;
				INFOPLIST_KEY_UILaunchScreen_Generation = YES;
				INFOPLIST_KEY_UISupportedInterfaceOrientations_iPad = "UIInterfaceOrientationPortrait UIInterfaceOrientationPortraitUpsideDown UIInterfaceOrientationLandscapeLeft UIInterfaceOrientationLandscapeRight";
				INFOPLIST_KEY_UISupportedInterfaceOrientations_iPhone = "UIInterfaceOrientationPortrait UIInterfaceOrientationLandscapeLeft UIInterfaceOrientationLandscapeRight";
				LD_RUNPATH_SEARCH_PATHS = (
					"$(inherited)",
					"@executable_path/Frameworks",
				);
				MARKETING_VERSION = 1.0;
				PRODUCT_BUNDLE_IDENTIFIER = "appteam.ios-bootcamp";
				PRODUCT_NAME = "$(TARGET_NAME)";
				SWIFT_EMIT_LOC_STRINGS = YES;
				SWIFT_VERSION = 5.0;
				TARGETED_DEVICE_FAMILY = "1,2";
			};
			name = Debug;
		};
		0BC8B3782E7A236C005291C9 /* Release */ = {
			isa = XCBuildConfiguration;
			buildSettings = {
				ASSETCATALOG_COMPILER_APPICON_NAME = AppIcon;
				ASSETCATALOG_COMPILER_GLOBAL_ACCENT_COLOR_NAME = AccentColor;
				CODE_SIGN_STYLE = Automatic;
				CURRENT_PROJECT_VERSION = 1;
				DEVELOPMENT_ASSET_PATHS = "\"ios-bootcamp/Preview Content\"";
				ENABLE_PREVIEWS = YES;
				GENERATE_INFOPLIST_FILE = YES;
				INFOPLIST_KEY_UIApplicationSceneManifest_Generation = YES;
				INFOPLIST_KEY_UIApplicationSupportsIndirectInputEvents = YES;
				INFOPLIST_KEY_UILaunchScreen_Generation = YES;
				INFOPLIST_KEY_UISupportedInterfaceOrientations_iPad = "UIInterfaceOrientationPortrait UIInterfaceOrientationPortraitUpsideDown UIInterfaceOrientationLandscapeLeft UIInterfaceOrientationLandscapeRight";
				INFOPLIST_KEY_UISupportedInterfaceOrientations_iPhone = "UIInterfaceOrientationPortrait UIInterfaceOrientationLandscapeLeft UIInterfaceOrientationLandscapeRight";
				LD_RUNPATH_SEARCH_PATHS = (
					"$(inherited)",
					"@executable_path/Frameworks",
				);
				MARKETING_VERSION = 1.0;
				PRODUCT_BUNDLE_IDENTIFIER = "appteam.ios-bootcamp";
				PRODUCT_NAME = "$(TARGET_NAME)";
				SWIFT_EMIT_LOC_STRINGS = YES;
				SWIFT_VERSION = 5.0;
				TARGETED_DEVICE_FAMILY = "1,2";
			};
			name = Release;
		};
/* End XCBuildConfiguration section */

/* Begin XCConfigurationList section */
		0BC8B3632E7A236A005291C9 /* Build configuration list for PBXProject "appteam" */ = {
			isa = XCConfigurationList;
			buildConfigurations = (
				0BC8B3742E7A236C005291C9 /* Debug */,
				0BC8B3752E7A236C005291C9 /* Release */,
			);
			defaultConfigurationIsVisible = 0;
			defaultConfigurationName = Release;
		};
		0BC8B3762E7A236C005291C9 /* Build configuration list for PBXNativeTarget "appteam" */ = {
			isa = XCConfigurationList;
			buildConfigurations = (
				0BC8B3772E7A236C005291C9 /* Debug */,
				0BC8B3782E7A236C005291C9 /* Release */,
			);
			defaultConfigurationIsVisible = 0;
			defaultConfigurationName = Release;
		};
/* End XCConfigurationList section */
	};
	rootObject = 0BC8B3602E7A236A005291C9 /* Project object */;
}
